{
  "version": 4,
  "terraform_version": "1.6.6",
  "serial": 68,
  "lineage": "982e7efc-3c45-f73a-0b0a-24c95054e6b3",
  "outputs": {
    "appsubnet_id": {
      "value": "/subscriptions/7500af1f-cee3-4cda-bd1a-6909b5ebb806/resourceGroups/Prakash-rg-zcqrja/providers/Microsoft.Network/virtualNetworks/vnet-rg/subnets/vnet-rg-appsubnet",
      "type": "string"
    },
    "appsubnet_name": {
      "value": "vnet-rg-appsubnet",
      "type": "string"
    },
    "appsubnet_nsg": {
      "value": "vnet-rg-appsubnet-nsg",
      "type": "string"
    },
    "bastionubnet_id": {
      "value": "/subscriptions/7500af1f-cee3-4cda-bd1a-6909b5ebb806/resourceGroups/Prakash-rg-zcqrja/providers/Microsoft.Network/virtualNetworks/vnet-rg/subnets/bastionsubnet",
      "type": "string"
    },
    "bastionubnet_name": {
      "value": "bastionsubnet",
      "type": "string"
    },
    "resource_group_name": {
      "value": "Prakash-rg-zcqrja",
      "type": "string"
    },
    "vnet_name": {
      "value": "vnet-rg",
      "type": "string"
    },
    "web_linuxvm_network_interface_id": {
      "value": [
        [
          "/subscriptions/7500af1f-cee3-4cda-bd1a-6909b5ebb806/resourceGroups/Prakash-rg-zcqrja/providers/Microsoft.Network/networkInterfaces/web-linixvm-nic-0",
          "/subscriptions/7500af1f-cee3-4cda-bd1a-6909b5ebb806/resourceGroups/Prakash-rg-zcqrja/providers/Microsoft.Network/networkInterfaces/web-linixvm-nic-1",
          "/subscriptions/7500af1f-cee3-4cda-bd1a-6909b5ebb806/resourceGroups/Prakash-rg-zcqrja/providers/Microsoft.Network/networkInterfaces/web-linixvm-nic-2"
        ]
      ],
      "type": [
        "tuple",
        [
          [
            "tuple",
            [
              "string",
              "string",
              "string"
            ]
          ]
        ]
      ]
    },
    "web_linuxvm_network_interface_private_ip_addresses": {
      "value": [
        [
          "10.0.11.4",
          "10.0.11.6",
          "10.0.11.5"
        ]
      ],
      "type": [
        "tuple",
        [
          [
            "tuple",
            [
              "string",
              "string",
              "string"
            ]
          ]
        ]
      ]
    },
    "web_linuxvm_private_ip_address": {
      "value": [
        "10.0.11.4",
        "10.0.11.6",
        "10.0.11.5"
      ],
      "type": [
        "tuple",
        [
          "string",
          "string",
          "string"
        ]
      ]
    },
    "web_linuxvm_virtual_machine_id": {
      "value": [
        "/subscriptions/7500af1f-cee3-4cda-bd1a-6909b5ebb806/resourceGroups/Prakash-rg-zcqrja/providers/Microsoft.Compute/virtualMachines/VM-0-web-linux",
        "/subscriptions/7500af1f-cee3-4cda-bd1a-6909b5ebb806/resourceGroups/Prakash-rg-zcqrja/providers/Microsoft.Compute/virtualMachines/VM-1-web-linux",
        "/subscriptions/7500af1f-cee3-4cda-bd1a-6909b5ebb806/resourceGroups/Prakash-rg-zcqrja/providers/Microsoft.Compute/virtualMachines/VM-2-web-linux"
      ],
      "type": [
        "tuple",
        [
          "string",
          "string",
          "string"
        ]
      ]
    },
    "web_linuxvm_virtual_machine_id_128bit": {
      "value": [
        "82c400f4-5ee4-4d9b-973d-9ae122b988c0",
        "f2164434-d333-466e-bdc4-3a826cb348fa",
        "2bf17946-92e9-46fb-b41f-c9282a803dd9"
      ],
      "type": [
        "tuple",
        [
          "string",
          "string",
          "string"
        ]
      ]
    }
  },
  "resources": [
    {
      "mode": "managed",
      "type": "azurerm_lb",
      "name": "web_lb",
      "provider": "provider[\"registry.terraform.io/hashicorp/azurerm\"]",
      "instances": [
        {
          "schema_version": 0,
          "attributes": {
            "edge_zone": "",
            "frontend_ip_configuration": [
              {
                "gateway_load_balancer_frontend_ip_configuration_id": "",
                "id": "/subscriptions/7500af1f-cee3-4cda-bd1a-6909b5ebb806/resourceGroups/Prakash-rg-zcqrja/providers/Microsoft.Network/loadBalancers/lb-weblb/frontendIPConfigurations/web-lb-publicip-1",
                "inbound_nat_rules": [],
                "load_balancer_rules": [],
                "name": "web-lb-publicip-1",
                "outbound_rules": [],
                "private_ip_address": "",
                "private_ip_address_allocation": "Dynamic",
                "private_ip_address_version": "",
                "public_ip_address_id": "/subscriptions/7500af1f-cee3-4cda-bd1a-6909b5ebb806/resourceGroups/Prakash-rg-zcqrja/providers/Microsoft.Network/publicIPAddresses/lb-publicip",
                "public_ip_prefix_id": "",
                "subnet_id": "",
                "zones": null
              }
            ],
            "id": "/subscriptions/7500af1f-cee3-4cda-bd1a-6909b5ebb806/resourceGroups/Prakash-rg-zcqrja/providers/Microsoft.Network/loadBalancers/lb-weblb",
            "location": "eastus2",
            "name": "lb-weblb",
            "private_ip_address": "",
            "private_ip_addresses": [],
            "resource_group_name": "Prakash-rg-zcqrja",
            "sku": "Standard",
            "sku_tier": "Regional",
            "tags": null,
            "timeouts": null
          },
          "sensitive_attributes": [],
          "private": "eyJlMmJmYjczMC1lY2FhLTExZTYtOGY4OC0zNDM2M2JjN2M0YzAiOnsiY3JlYXRlIjoxODAwMDAwMDAwMDAwLCJkZWxldGUiOjE4MDAwMDAwMDAwMDAsInJlYWQiOjMwMDAwMDAwMDAwMCwidXBkYXRlIjoxODAwMDAwMDAwMDAwfX0=",
          "dependencies": [
            "azurerm_public_ip.web_loadblance_pub_ip",
            "azurerm_resource_group.rg",
            "random_string.myrandom"
          ]
        }
      ]
    },
    {
      "mode": "managed",
      "type": "azurerm_lb_backend_address_pool",
      "name": "web_lb_backend_address_pool",
      "provider": "provider[\"registry.terraform.io/hashicorp/azurerm\"]",
      "instances": [
        {
          "schema_version": 0,
          "attributes": {
            "backend_ip_configurations": [],
            "id": "/subscriptions/7500af1f-cee3-4cda-bd1a-6909b5ebb806/resourceGroups/Prakash-rg-zcqrja/providers/Microsoft.Network/loadBalancers/lb-weblb/backendAddressPools/web-backend",
            "load_balancing_rules": [],
            "loadbalancer_id": "/subscriptions/7500af1f-cee3-4cda-bd1a-6909b5ebb806/resourceGroups/Prakash-rg-zcqrja/providers/Microsoft.Network/loadBalancers/lb-weblb",
            "name": "web-backend",
            "outbound_rules": [],
            "timeouts": null,
            "tunnel_interface": []
          },
          "sensitive_attributes": [],
          "private": "eyJlMmJmYjczMC1lY2FhLTExZTYtOGY4OC0zNDM2M2JjN2M0YzAiOnsiY3JlYXRlIjoxODAwMDAwMDAwMDAwLCJkZWxldGUiOjE4MDAwMDAwMDAwMDAsInJlYWQiOjMwMDAwMDAwMDAwMCwidXBkYXRlIjoxODAwMDAwMDAwMDAwfX0=",
          "dependencies": [
            "azurerm_lb.web_lb",
            "azurerm_public_ip.web_loadblance_pub_ip",
            "azurerm_resource_group.rg",
            "random_string.myrandom"
          ]
        }
      ]
    },
    {
      "mode": "managed",
      "type": "azurerm_lb_probe",
      "name": "web_lb_probe",
      "provider": "provider[\"registry.terraform.io/hashicorp/azurerm\"]",
      "instances": [
        {
          "schema_version": 0,
          "attributes": {
            "id": "/subscriptions/7500af1f-cee3-4cda-bd1a-6909b5ebb806/resourceGroups/Prakash-rg-zcqrja/providers/Microsoft.Network/loadBalancers/lb-weblb/probes/tcp-probe",
            "interval_in_seconds": 15,
            "load_balancer_rules": [],
            "loadbalancer_id": "/subscriptions/7500af1f-cee3-4cda-bd1a-6909b5ebb806/resourceGroups/Prakash-rg-zcqrja/providers/Microsoft.Network/loadBalancers/lb-weblb",
            "name": "tcp-probe",
            "number_of_probes": 2,
            "port": 80,
            "protocol": "Tcp",
            "request_path": "",
            "timeouts": null
          },
          "sensitive_attributes": [],
          "private": "eyJlMmJmYjczMC1lY2FhLTExZTYtOGY4OC0zNDM2M2JjN2M0YzAiOnsiY3JlYXRlIjoxODAwMDAwMDAwMDAwLCJkZWxldGUiOjE4MDAwMDAwMDAwMDAsInJlYWQiOjMwMDAwMDAwMDAwMCwidXBkYXRlIjoxODAwMDAwMDAwMDAwfX0=",
          "dependencies": [
            "azurerm_lb.web_lb",
            "azurerm_public_ip.web_loadblance_pub_ip",
            "azurerm_resource_group.rg",
            "random_string.myrandom"
          ]
        }
      ]
    },
    {
      "mode": "managed",
      "type": "azurerm_lb_rule",
      "name": "web_lb_rule_app1",
      "provider": "provider[\"registry.terraform.io/hashicorp/azurerm\"]",
      "instances": [
        {
          "schema_version": 0,
          "attributes": {
            "backend_address_pool_ids": [
              "/subscriptions/7500af1f-cee3-4cda-bd1a-6909b5ebb806/resourceGroups/Prakash-rg-zcqrja/providers/Microsoft.Network/loadBalancers/lb-weblb/backendAddressPools/web-backend"
            ],
            "backend_port": 80,
            "disable_outbound_snat": false,
            "enable_floating_ip": false,
            "enable_tcp_reset": false,
            "frontend_ip_configuration_id": "/subscriptions/7500af1f-cee3-4cda-bd1a-6909b5ebb806/resourceGroups/Prakash-rg-zcqrja/providers/Microsoft.Network/loadBalancers/lb-weblb/frontendIPConfigurations/web-lb-publicip-1",
            "frontend_ip_configuration_name": "web-lb-publicip-1",
            "frontend_port": 80,
            "id": "/subscriptions/7500af1f-cee3-4cda-bd1a-6909b5ebb806/resourceGroups/Prakash-rg-zcqrja/providers/Microsoft.Network/loadBalancers/lb-weblb/loadBalancingRules/web-app1-rule",
            "idle_timeout_in_minutes": 4,
            "load_distribution": "Default",
            "loadbalancer_id": "/subscriptions/7500af1f-cee3-4cda-bd1a-6909b5ebb806/resourceGroups/Prakash-rg-zcqrja/providers/Microsoft.Network/loadBalancers/lb-weblb",
            "name": "web-app1-rule",
            "probe_id": "/subscriptions/7500af1f-cee3-4cda-bd1a-6909b5ebb806/resourceGroups/Prakash-rg-zcqrja/providers/Microsoft.Network/loadBalancers/lb-weblb/probes/tcp-probe",
            "protocol": "Tcp",
            "timeouts": null
          },
          "sensitive_attributes": [],
          "private": "eyJlMmJmYjczMC1lY2FhLTExZTYtOGY4OC0zNDM2M2JjN2M0YzAiOnsiY3JlYXRlIjoxODAwMDAwMDAwMDAwLCJkZWxldGUiOjE4MDAwMDAwMDAwMDAsInJlYWQiOjMwMDAwMDAwMDAwMCwidXBkYXRlIjoxODAwMDAwMDAwMDAwfX0=",
          "dependencies": [
            "azurerm_lb.web_lb",
            "azurerm_lb_backend_address_pool.web_lb_backend_address_pool",
            "azurerm_lb_probe.web_lb_probe",
            "azurerm_public_ip.web_loadblance_pub_ip",
            "azurerm_resource_group.rg",
            "random_string.myrandom"
          ]
        }
      ]
    },
    {
      "mode": "managed",
      "type": "azurerm_linux_virtual_machine",
      "name": "bastion_host_linuxvm",
      "provider": "provider[\"registry.terraform.io/hashicorp/azurerm\"]",
      "instances": [
        {
          "schema_version": 0,
          "attributes": {
            "additional_capabilities": [],
            "admin_password": null,
            "admin_ssh_key": [
              {
                "public_key": "ssh-rsa AAAAB3NzaC1yc2EAAAADAQABAAACAQCnVP5NJ0/5A/XWJdXZ86n2Nohzg2aft5bVwt3/zPTaISfL7nQaj7gCkVsqjfPEI0IeTkZWhsaM0KexYzmuPusI4BRYh8x/RbjhClqPYrv8RzHrl+Fb01Iamq9lFzX4JLBFNhLEJzXH78QXjo5JKQUEpZk/Z6hP9GYrQDLxBCT1l0btZKTVrlfkc0w7xU7oynSe1tr0nf31rTXQ5C7J0pLKb+cGSZTmSNhU7pE3ZMJ1rm6aOMIO0AiL0kgj+ZIVfcOE+AS+MaBLHeEmtXMVHjyvh9E4ANCDobz45W/SE8sdZCLqfI8GhybLj8Iv8zclyw0Si+LOGi1jWiSJCYjOFHQfQ1aDB3tCxWuUWqHflx1sB3lDHdDJSlwsr6A3q4MjrB5VRgOhPZTqOKSEylRTpTrfc8DYQrcvJljHh5nKIqoe/6ouyTL0Tl4JLGKRkisKtrUCxZF74YV0fhMfI83tNxU0j7dhqllFM+0D5omfOfeFeSEva72AuHttN6V7n7iT/YtR1mYjkGufYpmO6yqGE2/b/AV5ZkYviNV9wzYMmv3aGOWRknMQEksVVoeaM6Kme6MfMhscsXfXv/FZvTTyDRtfU//mI3+fOi96UI4gcAZe40yTJoLGlTcG15u93hjFfvEG9H1ue2NNjvBerimdwOI/N2JJTZpOw72O+Dont+al1w== azureuser@myserver\n",
                "username": "azureuser"
              }
            ],
            "admin_username": "azureuser",
            "allow_extension_operations": true,
            "availability_set_id": "",
            "boot_diagnostics": [],
            "computer_name": "bastion-linuxvm",
            "custom_data": null,
            "dedicated_host_group_id": "",
            "dedicated_host_id": "",
            "disable_password_authentication": true,
            "edge_zone": "",
            "encryption_at_host_enabled": false,
            "eviction_policy": "",
            "extensions_time_budget": "PT1H30M",
            "id": "/subscriptions/7500af1f-cee3-4cda-bd1a-6909b5ebb806/resourceGroups/Prakash-rg-zcqrja/providers/Microsoft.Compute/virtualMachines/bastion-linuxvm",
            "identity": [],
            "license_type": "",
            "location": "eastus2",
            "max_bid_price": -1,
            "name": "bastion-linuxvm",
            "network_interface_ids": [
              "/subscriptions/7500af1f-cee3-4cda-bd1a-6909b5ebb806/resourceGroups/Prakash-rg-zcqrja/providers/Microsoft.Network/networkInterfaces/bastion-host-linuxvm-nic"
            ],
            "os_disk": [
              {
                "caching": "ReadWrite",
                "diff_disk_settings": [],
                "disk_encryption_set_id": "",
                "disk_size_gb": 64,
                "name": "bastion-linuxvm_OsDisk_1_2a9b78fcb1984271bce3d96958994156",
                "storage_account_type": "Standard_LRS",
                "write_accelerator_enabled": false
              }
            ],
            "patch_mode": "ImageDefault",
            "plan": [],
            "platform_fault_domain": -1,
            "priority": "Regular",
            "private_ip_address": "10.0.100.4",
            "private_ip_addresses": [
              "10.0.100.4"
            ],
            "provision_vm_agent": true,
            "proximity_placement_group_id": "",
            "public_ip_address": "40.79.33.81",
            "public_ip_addresses": [
              "40.79.33.81"
            ],
            "resource_group_name": "Prakash-rg-zcqrja",
            "secret": [],
            "secure_boot_enabled": false,
            "size": "Standard_DS1_v2",
            "source_image_id": "",
            "source_image_reference": [
              {
                "offer": "RHEL",
                "publisher": "RedHat",
                "sku": "8-lvm-gen2",
                "version": "latest"
              }
            ],
            "tags": {
              "RG": "Prakash-rg-zcqrja",
              "environment": "terraform",
              "owners": "Prakash",
              "source": "azuredevops"
            },
            "termination_notification": null,
            "timeouts": null,
            "user_data": "",
            "virtual_machine_id": "1fc07692-7d06-45e3-a24a-0a4b2bb55ef4",
            "virtual_machine_scale_set_id": "",
            "vtpm_enabled": false,
            "zone": ""
          },
          "sensitive_attributes": [],
          "private": "eyJlMmJmYjczMC1lY2FhLTExZTYtOGY4OC0zNDM2M2JjN2M0YzAiOnsiY3JlYXRlIjoyNzAwMDAwMDAwMDAwLCJkZWxldGUiOjI3MDAwMDAwMDAwMDAsInJlYWQiOjMwMDAwMDAwMDAwMCwidXBkYXRlIjoyNzAwMDAwMDAwMDAwfX0=",
          "dependencies": [
            "azurerm_network_interface.bastion_host_linuxvm_nic",
            "azurerm_public_ip.bastion_host_publicip",
            "azurerm_resource_group.rg",
            "azurerm_subnet.bastionsubnet",
            "azurerm_virtual_network.vnet",
            "random_string.myrandom"
          ]
        }
      ]
    },
    {
      "mode": "managed",
      "type": "azurerm_linux_virtual_machine",
      "name": "web_linuxvm",
      "provider": "provider[\"registry.terraform.io/hashicorp/azurerm\"]",
      "instances": [
        {
          "index_key": 0,
          "schema_version": 0,
          "attributes": {
            "additional_capabilities": [],
            "admin_password": null,
            "admin_ssh_key": [
              {
                "public_key": "ssh-rsa AAAAB3NzaC1yc2EAAAADAQABAAACAQCnVP5NJ0/5A/XWJdXZ86n2Nohzg2aft5bVwt3/zPTaISfL7nQaj7gCkVsqjfPEI0IeTkZWhsaM0KexYzmuPusI4BRYh8x/RbjhClqPYrv8RzHrl+Fb01Iamq9lFzX4JLBFNhLEJzXH78QXjo5JKQUEpZk/Z6hP9GYrQDLxBCT1l0btZKTVrlfkc0w7xU7oynSe1tr0nf31rTXQ5C7J0pLKb+cGSZTmSNhU7pE3ZMJ1rm6aOMIO0AiL0kgj+ZIVfcOE+AS+MaBLHeEmtXMVHjyvh9E4ANCDobz45W/SE8sdZCLqfI8GhybLj8Iv8zclyw0Si+LOGi1jWiSJCYjOFHQfQ1aDB3tCxWuUWqHflx1sB3lDHdDJSlwsr6A3q4MjrB5VRgOhPZTqOKSEylRTpTrfc8DYQrcvJljHh5nKIqoe/6ouyTL0Tl4JLGKRkisKtrUCxZF74YV0fhMfI83tNxU0j7dhqllFM+0D5omfOfeFeSEva72AuHttN6V7n7iT/YtR1mYjkGufYpmO6yqGE2/b/AV5ZkYviNV9wzYMmv3aGOWRknMQEksVVoeaM6Kme6MfMhscsXfXv/FZvTTyDRtfU//mI3+fOi96UI4gcAZe40yTJoLGlTcG15u93hjFfvEG9H1ue2NNjvBerimdwOI/N2JJTZpOw72O+Dont+al1w== azureuser@myserver\n",
                "username": "azureuser"
              }
            ],
            "admin_username": "azureuser",
            "allow_extension_operations": true,
            "availability_set_id": "",
            "boot_diagnostics": [],
            "computer_name": "VM-0-web-linux",
            "custom_data": "IyEvYmluL3NoCiNzdWRvIHl1bSB1cGRhdGUgLXkKc3VkbyB5dW0gaW5zdGFsbCAteSBodHRwZApzdWRvIHN5c3RlbWN0bCBlbmFibGUgaHR0cGQKc3VkbyBzeXN0ZW1jdGwgc3RhcnQgaHR0cGQgIApzdWRvIHN5c3RlbWN0bCBzdG9wIGZpcmV3YWxsZApzdWRvIHN5c3RlbWN0bCBkaXNhYmxlIGZpcmV3YWxsZApzdWRvIGNobW9kIC1SIDc3NyAvdmFyL3d3dy9odG1sIApzdWRvIGVjaG8gIldlbGNvbWUgdG8gc2VjdXJlYXV0aHNvbHV0aW9ucyAtIFdlYlZNIEFwcDIyIC0gVk0gSG9zdG5hbWU6ICQoaG9zdG5hbWUpIiA+IC92YXIvd3d3L2h0bWwvaW5kZXguaHRtbApzdWRvIG1rZGlyIC92YXIvd3d3L2h0bWwvYXBwMQpzdWRvIGVjaG8gIldlbGNvbWUgdG8gc2VjdXJlYXV0aHNvbHV0aW9ucyAtIFdlYlZNIEFwcDEgLSBWTSBIb3N0bmFtZTogJChob3N0bmFtZSkiID4gL3Zhci93d3cvaHRtbC9hcHAxL2hvc3RuYW1lLmh0bWwKc3VkbyBlY2hvICJXZWxjb21lIHRvIHNlY3VyZWF1dGhzb2x1dGlvbnMgLSBXZWJWTSBBcHAxIC0gQXBwIFN0YXR1cyBQYWdlIiA+IC92YXIvd3d3L2h0bWwvYXBwMS9zdGF0dXMuaHRtbA==",
            "dedicated_host_group_id": "",
            "dedicated_host_id": "",
            "disable_password_authentication": true,
            "edge_zone": "",
            "encryption_at_host_enabled": false,
            "eviction_policy": "",
            "extensions_time_budget": "PT1H30M",
            "id": "/subscriptions/7500af1f-cee3-4cda-bd1a-6909b5ebb806/resourceGroups/Prakash-rg-zcqrja/providers/Microsoft.Compute/virtualMachines/VM-0-web-linux",
            "identity": [],
            "license_type": "",
            "location": "eastus2",
            "max_bid_price": -1,
            "name": "VM-0-web-linux",
            "network_interface_ids": [
              "/subscriptions/7500af1f-cee3-4cda-bd1a-6909b5ebb806/resourceGroups/Prakash-rg-zcqrja/providers/Microsoft.Network/networkInterfaces/web-linixvm-nic-0"
            ],
            "os_disk": [
              {
                "caching": "ReadWrite",
                "diff_disk_settings": [],
                "disk_encryption_set_id": "",
                "disk_size_gb": 64,
                "name": "VM-0-web-linux_OsDisk_1_6c82af6f384c41d583870bd042244c7f",
                "storage_account_type": "Standard_LRS",
                "write_accelerator_enabled": false
              }
            ],
            "patch_mode": "ImageDefault",
            "plan": [],
            "platform_fault_domain": -1,
            "priority": "Regular",
            "private_ip_address": "10.0.11.4",
            "private_ip_addresses": [
              "10.0.11.4"
            ],
            "provision_vm_agent": true,
            "proximity_placement_group_id": "",
            "public_ip_address": "",
            "public_ip_addresses": [],
            "resource_group_name": "Prakash-rg-zcqrja",
            "secret": [],
            "secure_boot_enabled": false,
            "size": "Standard_DS1_v2",
            "source_image_id": "",
            "source_image_reference": [
              {
                "offer": "RHEL",
                "publisher": "RedHat",
                "sku": "8-lvm-gen2",
                "version": "latest"
              }
            ],
            "tags": {
              "RG": "Prakash-rg-zcqrja",
              "environment": "terraform",
              "owners": "Prakash",
              "source": "azuredevops"
            },
            "termination_notification": null,
            "timeouts": null,
            "user_data": "",
            "virtual_machine_id": "82c400f4-5ee4-4d9b-973d-9ae122b988c0",
            "virtual_machine_scale_set_id": "",
            "vtpm_enabled": false,
            "zone": ""
          },
          "sensitive_attributes": [],
          "private": "eyJlMmJmYjczMC1lY2FhLTExZTYtOGY4OC0zNDM2M2JjN2M0YzAiOnsiY3JlYXRlIjoyNzAwMDAwMDAwMDAwLCJkZWxldGUiOjI3MDAwMDAwMDAwMDAsInJlYWQiOjMwMDAwMDAwMDAwMCwidXBkYXRlIjoyNzAwMDAwMDAwMDAwfX0=",
          "dependencies": [
            "azurerm_network_interface.web_linuxvm_nic",
            "azurerm_resource_group.rg",
            "azurerm_subnet.appsubnet",
            "azurerm_virtual_network.vnet",
            "random_string.myrandom"
          ]
        },
        {
          "index_key": 1,
          "schema_version": 0,
          "attributes": {
            "additional_capabilities": [],
            "admin_password": null,
            "admin_ssh_key": [
              {
                "public_key": "ssh-rsa AAAAB3NzaC1yc2EAAAADAQABAAACAQCnVP5NJ0/5A/XWJdXZ86n2Nohzg2aft5bVwt3/zPTaISfL7nQaj7gCkVsqjfPEI0IeTkZWhsaM0KexYzmuPusI4BRYh8x/RbjhClqPYrv8RzHrl+Fb01Iamq9lFzX4JLBFNhLEJzXH78QXjo5JKQUEpZk/Z6hP9GYrQDLxBCT1l0btZKTVrlfkc0w7xU7oynSe1tr0nf31rTXQ5C7J0pLKb+cGSZTmSNhU7pE3ZMJ1rm6aOMIO0AiL0kgj+ZIVfcOE+AS+MaBLHeEmtXMVHjyvh9E4ANCDobz45W/SE8sdZCLqfI8GhybLj8Iv8zclyw0Si+LOGi1jWiSJCYjOFHQfQ1aDB3tCxWuUWqHflx1sB3lDHdDJSlwsr6A3q4MjrB5VRgOhPZTqOKSEylRTpTrfc8DYQrcvJljHh5nKIqoe/6ouyTL0Tl4JLGKRkisKtrUCxZF74YV0fhMfI83tNxU0j7dhqllFM+0D5omfOfeFeSEva72AuHttN6V7n7iT/YtR1mYjkGufYpmO6yqGE2/b/AV5ZkYviNV9wzYMmv3aGOWRknMQEksVVoeaM6Kme6MfMhscsXfXv/FZvTTyDRtfU//mI3+fOi96UI4gcAZe40yTJoLGlTcG15u93hjFfvEG9H1ue2NNjvBerimdwOI/N2JJTZpOw72O+Dont+al1w== azureuser@myserver\n",
                "username": "azureuser"
              }
            ],
            "admin_username": "azureuser",
            "allow_extension_operations": true,
            "availability_set_id": "",
            "boot_diagnostics": [],
            "computer_name": "VM-1-web-linux",
            "custom_data": "IyEvYmluL3NoCiNzdWRvIHl1bSB1cGRhdGUgLXkKc3VkbyB5dW0gaW5zdGFsbCAteSBodHRwZApzdWRvIHN5c3RlbWN0bCBlbmFibGUgaHR0cGQKc3VkbyBzeXN0ZW1jdGwgc3RhcnQgaHR0cGQgIApzdWRvIHN5c3RlbWN0bCBzdG9wIGZpcmV3YWxsZApzdWRvIHN5c3RlbWN0bCBkaXNhYmxlIGZpcmV3YWxsZApzdWRvIGNobW9kIC1SIDc3NyAvdmFyL3d3dy9odG1sIApzdWRvIGVjaG8gIldlbGNvbWUgdG8gc2VjdXJlYXV0aHNvbHV0aW9ucyAtIFdlYlZNIEFwcDIyIC0gVk0gSG9zdG5hbWU6ICQoaG9zdG5hbWUpIiA+IC92YXIvd3d3L2h0bWwvaW5kZXguaHRtbApzdWRvIG1rZGlyIC92YXIvd3d3L2h0bWwvYXBwMQpzdWRvIGVjaG8gIldlbGNvbWUgdG8gc2VjdXJlYXV0aHNvbHV0aW9ucyAtIFdlYlZNIEFwcDEgLSBWTSBIb3N0bmFtZTogJChob3N0bmFtZSkiID4gL3Zhci93d3cvaHRtbC9hcHAxL2hvc3RuYW1lLmh0bWwKc3VkbyBlY2hvICJXZWxjb21lIHRvIHNlY3VyZWF1dGhzb2x1dGlvbnMgLSBXZWJWTSBBcHAxIC0gQXBwIFN0YXR1cyBQYWdlIiA+IC92YXIvd3d3L2h0bWwvYXBwMS9zdGF0dXMuaHRtbA==",
            "dedicated_host_group_id": "",
            "dedicated_host_id": "",
            "disable_password_authentication": true,
            "edge_zone": "",
            "encryption_at_host_enabled": false,
            "eviction_policy": "",
            "extensions_time_budget": "PT1H30M",
            "id": "/subscriptions/7500af1f-cee3-4cda-bd1a-6909b5ebb806/resourceGroups/Prakash-rg-zcqrja/providers/Microsoft.Compute/virtualMachines/VM-1-web-linux",
            "identity": [],
            "license_type": "",
            "location": "eastus2",
            "max_bid_price": -1,
            "name": "VM-1-web-linux",
            "network_interface_ids": [
              "/subscriptions/7500af1f-cee3-4cda-bd1a-6909b5ebb806/resourceGroups/Prakash-rg-zcqrja/providers/Microsoft.Network/networkInterfaces/web-linixvm-nic-1"
            ],
            "os_disk": [
              {
                "caching": "ReadWrite",
                "diff_disk_settings": [],
                "disk_encryption_set_id": "",
                "disk_size_gb": 64,
                "name": "VM-1-web-linux_OsDisk_1_c50aa034531a4000948a065e1256589d",
                "storage_account_type": "Standard_LRS",
                "write_accelerator_enabled": false
              }
            ],
            "patch_mode": "ImageDefault",
            "plan": [],
            "platform_fault_domain": -1,
            "priority": "Regular",
            "private_ip_address": "10.0.11.6",
            "private_ip_addresses": [
              "10.0.11.6"
            ],
            "provision_vm_agent": true,
            "proximity_placement_group_id": "",
            "public_ip_address": "",
            "public_ip_addresses": [],
            "resource_group_name": "Prakash-rg-zcqrja",
            "secret": [],
            "secure_boot_enabled": false,
            "size": "Standard_DS1_v2",
            "source_image_id": "",
            "source_image_reference": [
              {
                "offer": "RHEL",
                "publisher": "RedHat",
                "sku": "8-lvm-gen2",
                "version": "latest"
              }
            ],
            "tags": {
              "RG": "Prakash-rg-zcqrja",
              "environment": "terraform",
              "owners": "Prakash",
              "source": "azuredevops"
            },
            "termination_notification": null,
            "timeouts": null,
            "user_data": "",
            "virtual_machine_id": "f2164434-d333-466e-bdc4-3a826cb348fa",
            "virtual_machine_scale_set_id": "",
            "vtpm_enabled": false,
            "zone": ""
          },
          "sensitive_attributes": [],
          "private": "eyJlMmJmYjczMC1lY2FhLTExZTYtOGY4OC0zNDM2M2JjN2M0YzAiOnsiY3JlYXRlIjoyNzAwMDAwMDAwMDAwLCJkZWxldGUiOjI3MDAwMDAwMDAwMDAsInJlYWQiOjMwMDAwMDAwMDAwMCwidXBkYXRlIjoyNzAwMDAwMDAwMDAwfX0=",
          "dependencies": [
            "azurerm_network_interface.web_linuxvm_nic",
            "azurerm_resource_group.rg",
            "azurerm_subnet.appsubnet",
            "azurerm_virtual_network.vnet",
            "random_string.myrandom"
          ]
        },
        {
          "index_key": 2,
          "schema_version": 0,
          "attributes": {
            "additional_capabilities": [],
            "admin_password": null,
            "admin_ssh_key": [
              {
                "public_key": "ssh-rsa AAAAB3NzaC1yc2EAAAADAQABAAACAQCnVP5NJ0/5A/XWJdXZ86n2Nohzg2aft5bVwt3/zPTaISfL7nQaj7gCkVsqjfPEI0IeTkZWhsaM0KexYzmuPusI4BRYh8x/RbjhClqPYrv8RzHrl+Fb01Iamq9lFzX4JLBFNhLEJzXH78QXjo5JKQUEpZk/Z6hP9GYrQDLxBCT1l0btZKTVrlfkc0w7xU7oynSe1tr0nf31rTXQ5C7J0pLKb+cGSZTmSNhU7pE3ZMJ1rm6aOMIO0AiL0kgj+ZIVfcOE+AS+MaBLHeEmtXMVHjyvh9E4ANCDobz45W/SE8sdZCLqfI8GhybLj8Iv8zclyw0Si+LOGi1jWiSJCYjOFHQfQ1aDB3tCxWuUWqHflx1sB3lDHdDJSlwsr6A3q4MjrB5VRgOhPZTqOKSEylRTpTrfc8DYQrcvJljHh5nKIqoe/6ouyTL0Tl4JLGKRkisKtrUCxZF74YV0fhMfI83tNxU0j7dhqllFM+0D5omfOfeFeSEva72AuHttN6V7n7iT/YtR1mYjkGufYpmO6yqGE2/b/AV5ZkYviNV9wzYMmv3aGOWRknMQEksVVoeaM6Kme6MfMhscsXfXv/FZvTTyDRtfU//mI3+fOi96UI4gcAZe40yTJoLGlTcG15u93hjFfvEG9H1ue2NNjvBerimdwOI/N2JJTZpOw72O+Dont+al1w== azureuser@myserver\n",
                "username": "azureuser"
              }
            ],
            "admin_username": "azureuser",
            "allow_extension_operations": true,
            "availability_set_id": "",
            "boot_diagnostics": [],
            "computer_name": "VM-2-web-linux",
            "custom_data": "IyEvYmluL3NoCiNzdWRvIHl1bSB1cGRhdGUgLXkKc3VkbyB5dW0gaW5zdGFsbCAteSBodHRwZApzdWRvIHN5c3RlbWN0bCBlbmFibGUgaHR0cGQKc3VkbyBzeXN0ZW1jdGwgc3RhcnQgaHR0cGQgIApzdWRvIHN5c3RlbWN0bCBzdG9wIGZpcmV3YWxsZApzdWRvIHN5c3RlbWN0bCBkaXNhYmxlIGZpcmV3YWxsZApzdWRvIGNobW9kIC1SIDc3NyAvdmFyL3d3dy9odG1sIApzdWRvIGVjaG8gIldlbGNvbWUgdG8gc2VjdXJlYXV0aHNvbHV0aW9ucyAtIFdlYlZNIEFwcDIyIC0gVk0gSG9zdG5hbWU6ICQoaG9zdG5hbWUpIiA+IC92YXIvd3d3L2h0bWwvaW5kZXguaHRtbApzdWRvIG1rZGlyIC92YXIvd3d3L2h0bWwvYXBwMQpzdWRvIGVjaG8gIldlbGNvbWUgdG8gc2VjdXJlYXV0aHNvbHV0aW9ucyAtIFdlYlZNIEFwcDEgLSBWTSBIb3N0bmFtZTogJChob3N0bmFtZSkiID4gL3Zhci93d3cvaHRtbC9hcHAxL2hvc3RuYW1lLmh0bWwKc3VkbyBlY2hvICJXZWxjb21lIHRvIHNlY3VyZWF1dGhzb2x1dGlvbnMgLSBXZWJWTSBBcHAxIC0gQXBwIFN0YXR1cyBQYWdlIiA+IC92YXIvd3d3L2h0bWwvYXBwMS9zdGF0dXMuaHRtbA==",
            "dedicated_host_group_id": "",
            "dedicated_host_id": "",
            "disable_password_authentication": true,
            "edge_zone": "",
            "encryption_at_host_enabled": false,
            "eviction_policy": "",
            "extensions_time_budget": "PT1H30M",
            "id": "/subscriptions/7500af1f-cee3-4cda-bd1a-6909b5ebb806/resourceGroups/Prakash-rg-zcqrja/providers/Microsoft.Compute/virtualMachines/VM-2-web-linux",
            "identity": [],
            "license_type": "",
            "location": "eastus2",
            "max_bid_price": -1,
            "name": "VM-2-web-linux",
            "network_interface_ids": [
              "/subscriptions/7500af1f-cee3-4cda-bd1a-6909b5ebb806/resourceGroups/Prakash-rg-zcqrja/providers/Microsoft.Network/networkInterfaces/web-linixvm-nic-2"
            ],
            "os_disk": [
              {
                "caching": "ReadWrite",
                "diff_disk_settings": [],
                "disk_encryption_set_id": "",
                "disk_size_gb": 64,
                "name": "VM-2-web-linux_OsDisk_1_dfe596fd0cf84febb9883b983d2916e5",
                "storage_account_type": "Standard_LRS",
                "write_accelerator_enabled": false
              }
            ],
            "patch_mode": "ImageDefault",
            "plan": [],
            "platform_fault_domain": -1,
            "priority": "Regular",
            "private_ip_address": "10.0.11.5",
            "private_ip_addresses": [
              "10.0.11.5"
            ],
            "provision_vm_agent": true,
            "proximity_placement_group_id": "",
            "public_ip_address": "",
            "public_ip_addresses": [],
            "resource_group_name": "Prakash-rg-zcqrja",
            "secret": [],
            "secure_boot_enabled": false,
            "size": "Standard_DS1_v2",
            "source_image_id": "",
            "source_image_reference": [
              {
                "offer": "RHEL",
                "publisher": "RedHat",
                "sku": "8-lvm-gen2",
                "version": "latest"
              }
            ],
            "tags": {
              "RG": "Prakash-rg-zcqrja",
              "environment": "terraform",
              "owners": "Prakash",
              "source": "azuredevops"
            },
            "termination_notification": null,
            "timeouts": null,
            "user_data": "",
            "virtual_machine_id": "2bf17946-92e9-46fb-b41f-c9282a803dd9",
            "virtual_machine_scale_set_id": "",
            "vtpm_enabled": false,
            "zone": ""
          },
          "sensitive_attributes": [],
          "private": "eyJlMmJmYjczMC1lY2FhLTExZTYtOGY4OC0zNDM2M2JjN2M0YzAiOnsiY3JlYXRlIjoyNzAwMDAwMDAwMDAwLCJkZWxldGUiOjI3MDAwMDAwMDAwMDAsInJlYWQiOjMwMDAwMDAwMDAwMCwidXBkYXRlIjoyNzAwMDAwMDAwMDAwfX0=",
          "dependencies": [
            "azurerm_network_interface.web_linuxvm_nic",
            "azurerm_resource_group.rg",
            "azurerm_subnet.appsubnet",
            "azurerm_virtual_network.vnet",
            "random_string.myrandom"
          ]
        }
      ]
    },
    {
      "mode": "managed",
      "type": "azurerm_network_interface",
      "name": "bastion_host_linuxvm_nic",
      "provider": "provider[\"registry.terraform.io/hashicorp/azurerm\"]",
      "instances": [
        {
          "schema_version": 0,
          "attributes": {
            "applied_dns_servers": [],
            "dns_servers": [],
            "edge_zone": "",
            "enable_accelerated_networking": false,
            "enable_ip_forwarding": false,
            "id": "/subscriptions/7500af1f-cee3-4cda-bd1a-6909b5ebb806/resourceGroups/Prakash-rg-zcqrja/providers/Microsoft.Network/networkInterfaces/bastion-host-linuxvm-nic",
            "internal_dns_name_label": "",
            "internal_domain_name_suffix": "3qfncsshnn5erngc1q2zx0jkmd.cx.internal.cloudapp.net",
            "ip_configuration": [
              {
                "gateway_load_balancer_frontend_ip_configuration_id": "",
                "name": "bastion-host-ip",
                "primary": true,
                "private_ip_address": "10.0.100.4",
                "private_ip_address_allocation": "Dynamic",
                "private_ip_address_version": "IPv4",
                "public_ip_address_id": "/subscriptions/7500af1f-cee3-4cda-bd1a-6909b5ebb806/resourceGroups/Prakash-rg-zcqrja/providers/Microsoft.Network/publicIPAddresses/bastion-host-publicip",
                "subnet_id": "/subscriptions/7500af1f-cee3-4cda-bd1a-6909b5ebb806/resourceGroups/Prakash-rg-zcqrja/providers/Microsoft.Network/virtualNetworks/vnet-rg/subnets/bastionsubnet"
              }
            ],
            "location": "eastus2",
            "mac_address": "",
            "name": "bastion-host-linuxvm-nic",
            "private_ip_address": "10.0.100.4",
            "private_ip_addresses": [
              "10.0.100.4"
            ],
            "resource_group_name": "Prakash-rg-zcqrja",
            "tags": {
              "RG": "Prakash-rg-zcqrja",
              "environment": "terraform",
              "owners": "Prakash",
              "source": "azuredevops"
            },
            "timeouts": null,
            "virtual_machine_id": ""
          },
          "sensitive_attributes": [],
          "private": "eyJlMmJmYjczMC1lY2FhLTExZTYtOGY4OC0zNDM2M2JjN2M0YzAiOnsiY3JlYXRlIjoxODAwMDAwMDAwMDAwLCJkZWxldGUiOjE4MDAwMDAwMDAwMDAsInJlYWQiOjMwMDAwMDAwMDAwMCwidXBkYXRlIjoxODAwMDAwMDAwMDAwfX0=",
          "dependencies": [
            "azurerm_public_ip.bastion_host_publicip",
            "azurerm_resource_group.rg",
            "azurerm_subnet.bastionsubnet",
            "azurerm_virtual_network.vnet",
            "random_string.myrandom"
          ]
        }
      ]
    },
    {
      "mode": "managed",
      "type": "azurerm_network_interface",
      "name": "web_linuxvm_nic",
      "provider": "provider[\"registry.terraform.io/hashicorp/azurerm\"]",
      "instances": [
        {
          "index_key": 0,
          "schema_version": 0,
          "attributes": {
            "applied_dns_servers": [],
            "dns_servers": [],
            "edge_zone": "",
            "enable_accelerated_networking": false,
            "enable_ip_forwarding": false,
            "id": "/subscriptions/7500af1f-cee3-4cda-bd1a-6909b5ebb806/resourceGroups/Prakash-rg-zcqrja/providers/Microsoft.Network/networkInterfaces/web-linixvm-nic-0",
            "internal_dns_name_label": "",
            "internal_domain_name_suffix": "3qfncsshnn5erngc1q2zx0jkmd.cx.internal.cloudapp.net",
            "ip_configuration": [
              {
                "gateway_load_balancer_frontend_ip_configuration_id": "",
                "name": "web-linic-vm-ipconf",
                "primary": true,
                "private_ip_address": "10.0.11.4",
                "private_ip_address_allocation": "Dynamic",
                "private_ip_address_version": "IPv4",
                "public_ip_address_id": "",
                "subnet_id": "/subscriptions/7500af1f-cee3-4cda-bd1a-6909b5ebb806/resourceGroups/Prakash-rg-zcqrja/providers/Microsoft.Network/virtualNetworks/vnet-rg/subnets/vnet-rg-appsubnet"
              }
            ],
            "location": "eastus2",
            "mac_address": "",
            "name": "web-linixvm-nic-0",
            "private_ip_address": "10.0.11.4",
            "private_ip_addresses": [
              "10.0.11.4"
            ],
            "resource_group_name": "Prakash-rg-zcqrja",
            "tags": {
              "RG": "Prakash-rg-zcqrja",
              "environment": "terraform",
              "owners": "Prakash",
              "source": "azuredevops"
            },
            "timeouts": null,
            "virtual_machine_id": ""
          },
          "sensitive_attributes": [],
          "private": "eyJlMmJmYjczMC1lY2FhLTExZTYtOGY4OC0zNDM2M2JjN2M0YzAiOnsiY3JlYXRlIjoxODAwMDAwMDAwMDAwLCJkZWxldGUiOjE4MDAwMDAwMDAwMDAsInJlYWQiOjMwMDAwMDAwMDAwMCwidXBkYXRlIjoxODAwMDAwMDAwMDAwfX0=",
          "dependencies": [
            "azurerm_resource_group.rg",
            "azurerm_subnet.appsubnet",
            "azurerm_virtual_network.vnet",
            "random_string.myrandom"
          ]
        },
        {
          "index_key": 1,
          "schema_version": 0,
          "attributes": {
            "applied_dns_servers": [],
            "dns_servers": [],
            "edge_zone": "",
            "enable_accelerated_networking": false,
            "enable_ip_forwarding": false,
            "id": "/subscriptions/7500af1f-cee3-4cda-bd1a-6909b5ebb806/resourceGroups/Prakash-rg-zcqrja/providers/Microsoft.Network/networkInterfaces/web-linixvm-nic-1",
            "internal_dns_name_label": "",
            "internal_domain_name_suffix": "3qfncsshnn5erngc1q2zx0jkmd.cx.internal.cloudapp.net",
            "ip_configuration": [
              {
                "gateway_load_balancer_frontend_ip_configuration_id": "",
                "name": "web-linic-vm-ipconf",
                "primary": true,
                "private_ip_address": "10.0.11.6",
                "private_ip_address_allocation": "Dynamic",
                "private_ip_address_version": "IPv4",
                "public_ip_address_id": "",
                "subnet_id": "/subscriptions/7500af1f-cee3-4cda-bd1a-6909b5ebb806/resourceGroups/Prakash-rg-zcqrja/providers/Microsoft.Network/virtualNetworks/vnet-rg/subnets/vnet-rg-appsubnet"
              }
            ],
            "location": "eastus2",
            "mac_address": "",
            "name": "web-linixvm-nic-1",
            "private_ip_address": "10.0.11.6",
            "private_ip_addresses": [
              "10.0.11.6"
            ],
            "resource_group_name": "Prakash-rg-zcqrja",
            "tags": {
              "RG": "Prakash-rg-zcqrja",
              "environment": "terraform",
              "owners": "Prakash",
              "source": "azuredevops"
            },
            "timeouts": null,
            "virtual_machine_id": ""
          },
          "sensitive_attributes": [],
          "private": "eyJlMmJmYjczMC1lY2FhLTExZTYtOGY4OC0zNDM2M2JjN2M0YzAiOnsiY3JlYXRlIjoxODAwMDAwMDAwMDAwLCJkZWxldGUiOjE4MDAwMDAwMDAwMDAsInJlYWQiOjMwMDAwMDAwMDAwMCwidXBkYXRlIjoxODAwMDAwMDAwMDAwfX0=",
          "dependencies": [
            "azurerm_resource_group.rg",
            "azurerm_subnet.appsubnet",
            "azurerm_virtual_network.vnet",
            "random_string.myrandom"
          ]
        },
        {
          "index_key": 2,
          "schema_version": 0,
          "attributes": {
            "applied_dns_servers": [],
            "dns_servers": [],
            "edge_zone": "",
            "enable_accelerated_networking": false,
            "enable_ip_forwarding": false,
            "id": "/subscriptions/7500af1f-cee3-4cda-bd1a-6909b5ebb806/resourceGroups/Prakash-rg-zcqrja/providers/Microsoft.Network/networkInterfaces/web-linixvm-nic-2",
            "internal_dns_name_label": "",
            "internal_domain_name_suffix": "3qfncsshnn5erngc1q2zx0jkmd.cx.internal.cloudapp.net",
            "ip_configuration": [
              {
                "gateway_load_balancer_frontend_ip_configuration_id": "",
                "name": "web-linic-vm-ipconf",
                "primary": true,
                "private_ip_address": "10.0.11.5",
                "private_ip_address_allocation": "Dynamic",
                "private_ip_address_version": "IPv4",
                "public_ip_address_id": "",
                "subnet_id": "/subscriptions/7500af1f-cee3-4cda-bd1a-6909b5ebb806/resourceGroups/Prakash-rg-zcqrja/providers/Microsoft.Network/virtualNetworks/vnet-rg/subnets/vnet-rg-appsubnet"
              }
            ],
            "location": "eastus2",
            "mac_address": "",
            "name": "web-linixvm-nic-2",
            "private_ip_address": "10.0.11.5",
            "private_ip_addresses": [
              "10.0.11.5"
            ],
            "resource_group_name": "Prakash-rg-zcqrja",
            "tags": {
              "RG": "Prakash-rg-zcqrja",
              "environment": "terraform",
              "owners": "Prakash",
              "source": "azuredevops"
            },
            "timeouts": null,
            "virtual_machine_id": ""
          },
          "sensitive_attributes": [],
          "private": "eyJlMmJmYjczMC1lY2FhLTExZTYtOGY4OC0zNDM2M2JjN2M0YzAiOnsiY3JlYXRlIjoxODAwMDAwMDAwMDAwLCJkZWxldGUiOjE4MDAwMDAwMDAwMDAsInJlYWQiOjMwMDAwMDAwMDAwMCwidXBkYXRlIjoxODAwMDAwMDAwMDAwfX0=",
          "dependencies": [
            "azurerm_resource_group.rg",
            "azurerm_subnet.appsubnet",
            "azurerm_virtual_network.vnet",
            "random_string.myrandom"
          ]
        }
      ]
    },
    {
      "mode": "managed",
      "type": "azurerm_network_interface_backend_address_pool_association",
      "name": "web_nic_lb_associate",
      "provider": "provider[\"registry.terraform.io/hashicorp/azurerm\"]",
      "instances": [
        {
          "index_key": 0,
          "schema_version": 0,
          "attributes": {
            "backend_address_pool_id": "/subscriptions/7500af1f-cee3-4cda-bd1a-6909b5ebb806/resourceGroups/Prakash-rg-zcqrja/providers/Microsoft.Network/loadBalancers/lb-weblb/backendAddressPools/web-backend",
            "id": "/subscriptions/7500af1f-cee3-4cda-bd1a-6909b5ebb806/resourceGroups/Prakash-rg-zcqrja/providers/Microsoft.Network/networkInterfaces/web-linixvm-nic-0/ipConfigurations/web-linic-vm-ipconf|/subscriptions/7500af1f-cee3-4cda-bd1a-6909b5ebb806/resourceGroups/Prakash-rg-zcqrja/providers/Microsoft.Network/loadBalancers/lb-weblb/backendAddressPools/web-backend",
            "ip_configuration_name": "web-linic-vm-ipconf",
            "network_interface_id": "/subscriptions/7500af1f-cee3-4cda-bd1a-6909b5ebb806/resourceGroups/Prakash-rg-zcqrja/providers/Microsoft.Network/networkInterfaces/web-linixvm-nic-0",
            "timeouts": null
          },
          "sensitive_attributes": [],
          "private": "eyJlMmJmYjczMC1lY2FhLTExZTYtOGY4OC0zNDM2M2JjN2M0YzAiOnsiY3JlYXRlIjoxODAwMDAwMDAwMDAwLCJkZWxldGUiOjE4MDAwMDAwMDAwMDAsInJlYWQiOjMwMDAwMDAwMDAwMCwidXBkYXRlIjoxODAwMDAwMDAwMDAwfX0=",
          "dependencies": [
            "azurerm_lb.web_lb",
            "azurerm_lb_backend_address_pool.web_lb_backend_address_pool",
            "azurerm_network_interface.web_linuxvm_nic",
            "azurerm_public_ip.web_loadblance_pub_ip",
            "azurerm_resource_group.rg",
            "azurerm_subnet.appsubnet",
            "azurerm_virtual_network.vnet",
            "random_string.myrandom"
          ]
        },
        {
          "index_key": 1,
          "schema_version": 0,
          "attributes": {
            "backend_address_pool_id": "/subscriptions/7500af1f-cee3-4cda-bd1a-6909b5ebb806/resourceGroups/Prakash-rg-zcqrja/providers/Microsoft.Network/loadBalancers/lb-weblb/backendAddressPools/web-backend",
            "id": "/subscriptions/7500af1f-cee3-4cda-bd1a-6909b5ebb806/resourceGroups/Prakash-rg-zcqrja/providers/Microsoft.Network/networkInterfaces/web-linixvm-nic-1/ipConfigurations/web-linic-vm-ipconf|/subscriptions/7500af1f-cee3-4cda-bd1a-6909b5ebb806/resourceGroups/Prakash-rg-zcqrja/providers/Microsoft.Network/loadBalancers/lb-weblb/backendAddressPools/web-backend",
            "ip_configuration_name": "web-linic-vm-ipconf",
            "network_interface_id": "/subscriptions/7500af1f-cee3-4cda-bd1a-6909b5ebb806/resourceGroups/Prakash-rg-zcqrja/providers/Microsoft.Network/networkInterfaces/web-linixvm-nic-1",
            "timeouts": null
          },
          "sensitive_attributes": [],
          "private": "eyJlMmJmYjczMC1lY2FhLTExZTYtOGY4OC0zNDM2M2JjN2M0YzAiOnsiY3JlYXRlIjoxODAwMDAwMDAwMDAwLCJkZWxldGUiOjE4MDAwMDAwMDAwMDAsInJlYWQiOjMwMDAwMDAwMDAwMCwidXBkYXRlIjoxODAwMDAwMDAwMDAwfX0=",
          "dependencies": [
            "azurerm_lb.web_lb",
            "azurerm_lb_backend_address_pool.web_lb_backend_address_pool",
            "azurerm_network_interface.web_linuxvm_nic",
            "azurerm_public_ip.web_loadblance_pub_ip",
            "azurerm_resource_group.rg",
            "azurerm_subnet.appsubnet",
            "azurerm_virtual_network.vnet",
            "random_string.myrandom"
          ]
        },
        {
          "index_key": 2,
          "schema_version": 0,
          "attributes": {
            "backend_address_pool_id": "/subscriptions/7500af1f-cee3-4cda-bd1a-6909b5ebb806/resourceGroups/Prakash-rg-zcqrja/providers/Microsoft.Network/loadBalancers/lb-weblb/backendAddressPools/web-backend",
            "id": "/subscriptions/7500af1f-cee3-4cda-bd1a-6909b5ebb806/resourceGroups/Prakash-rg-zcqrja/providers/Microsoft.Network/networkInterfaces/web-linixvm-nic-2/ipConfigurations/web-linic-vm-ipconf|/subscriptions/7500af1f-cee3-4cda-bd1a-6909b5ebb806/resourceGroups/Prakash-rg-zcqrja/providers/Microsoft.Network/loadBalancers/lb-weblb/backendAddressPools/web-backend",
            "ip_configuration_name": "web-linic-vm-ipconf",
            "network_interface_id": "/subscriptions/7500af1f-cee3-4cda-bd1a-6909b5ebb806/resourceGroups/Prakash-rg-zcqrja/providers/Microsoft.Network/networkInterfaces/web-linixvm-nic-2",
            "timeouts": null
          },
          "sensitive_attributes": [],
          "private": "eyJlMmJmYjczMC1lY2FhLTExZTYtOGY4OC0zNDM2M2JjN2M0YzAiOnsiY3JlYXRlIjoxODAwMDAwMDAwMDAwLCJkZWxldGUiOjE4MDAwMDAwMDAwMDAsInJlYWQiOjMwMDAwMDAwMDAwMCwidXBkYXRlIjoxODAwMDAwMDAwMDAwfX0=",
          "dependencies": [
            "azurerm_lb.web_lb",
            "azurerm_lb_backend_address_pool.web_lb_backend_address_pool",
            "azurerm_network_interface.web_linuxvm_nic",
            "azurerm_public_ip.web_loadblance_pub_ip",
            "azurerm_resource_group.rg",
            "azurerm_subnet.appsubnet",
            "azurerm_virtual_network.vnet",
            "random_string.myrandom"
          ]
        }
      ]
    },
    {
      "mode": "managed",
      "type": "azurerm_network_interface_security_group_association",
      "name": "bastion_vm_nsg_associate",
      "provider": "provider[\"registry.terraform.io/hashicorp/azurerm\"]",
      "instances": [
        {
          "schema_version": 0,
          "attributes": {
            "id": "/subscriptions/7500af1f-cee3-4cda-bd1a-6909b5ebb806/resourceGroups/Prakash-rg-zcqrja/providers/Microsoft.Network/networkInterfaces/bastion-host-linuxvm-nic|/subscriptions/7500af1f-cee3-4cda-bd1a-6909b5ebb806/resourceGroups/Prakash-rg-zcqrja/providers/Microsoft.Network/networkSecurityGroups/bastion-nsg",
            "network_interface_id": "/subscriptions/7500af1f-cee3-4cda-bd1a-6909b5ebb806/resourceGroups/Prakash-rg-zcqrja/providers/Microsoft.Network/networkInterfaces/bastion-host-linuxvm-nic",
            "network_security_group_id": "/subscriptions/7500af1f-cee3-4cda-bd1a-6909b5ebb806/resourceGroups/Prakash-rg-zcqrja/providers/Microsoft.Network/networkSecurityGroups/bastion-nsg",
            "timeouts": null
          },
          "sensitive_attributes": [],
          "private": "eyJlMmJmYjczMC1lY2FhLTExZTYtOGY4OC0zNDM2M2JjN2M0YzAiOnsiY3JlYXRlIjoxODAwMDAwMDAwMDAwLCJkZWxldGUiOjE4MDAwMDAwMDAwMDAsInJlYWQiOjMwMDAwMDAwMDAwMCwidXBkYXRlIjoxODAwMDAwMDAwMDAwfX0=",
          "dependencies": [
            "azurerm_network_interface.bastion_host_linuxvm_nic",
            "azurerm_network_security_group.bastion_nsg",
            "azurerm_public_ip.bastion_host_publicip",
            "azurerm_resource_group.rg",
            "azurerm_subnet.bastionsubnet",
            "azurerm_virtual_network.vnet",
            "random_string.myrandom"
          ]
        }
      ]
    },
    {
      "mode": "managed",
      "type": "azurerm_network_security_group",
      "name": "app_nsg",
      "provider": "provider[\"registry.terraform.io/hashicorp/azurerm\"]",
      "instances": [
        {
          "schema_version": 0,
          "attributes": {
            "id": "/subscriptions/7500af1f-cee3-4cda-bd1a-6909b5ebb806/resourceGroups/Prakash-rg-zcqrja/providers/Microsoft.Network/networkSecurityGroups/vnet-rg-appsubnet-nsg",
            "location": "eastus2",
            "name": "vnet-rg-appsubnet-nsg",
            "resource_group_name": "Prakash-rg-zcqrja",
            "security_rule": [
              {
                "access": "Allow",
                "description": "Inbound Rule 0",
                "destination_address_prefix": "*",
                "destination_address_prefixes": [],
                "destination_application_security_group_ids": [],
                "destination_port_range": "22",
                "destination_port_ranges": [],
                "direction": "Inbound",
                "name": "inbound-rule-0",
                "priority": 100,
                "protocol": "Tcp",
                "source_address_prefix": "*",
                "source_address_prefixes": [],
                "source_application_security_group_ids": [],
                "source_port_range": "*",
                "source_port_ranges": []
              },
              {
                "access": "Allow",
                "description": "Inbound Rule 1",
                "destination_address_prefix": "*",
                "destination_address_prefixes": [],
                "destination_application_security_group_ids": [],
                "destination_port_range": "80",
                "destination_port_ranges": [],
                "direction": "Inbound",
                "name": "inbound-rule-1",
                "priority": 101,
                "protocol": "Tcp",
                "source_address_prefix": "*",
                "source_address_prefixes": [],
                "source_application_security_group_ids": [],
                "source_port_range": "*",
                "source_port_ranges": []
              },
              {
                "access": "Allow",
                "description": "Inbound Rule 2",
                "destination_address_prefix": "*",
                "destination_address_prefixes": [],
                "destination_application_security_group_ids": [],
                "destination_port_range": "443",
                "destination_port_ranges": [],
                "direction": "Inbound",
                "name": "inbound-rule-2",
                "priority": 102,
                "protocol": "Tcp",
                "source_address_prefix": "*",
                "source_address_prefixes": [],
                "source_application_security_group_ids": [],
                "source_port_range": "*",
                "source_port_ranges": []
              },
              {
                "access": "Allow",
                "description": "Inbound Rule 3",
                "destination_address_prefix": "*",
                "destination_address_prefixes": [],
                "destination_application_security_group_ids": [],
                "destination_port_range": "3306",
                "destination_port_ranges": [],
                "direction": "Inbound",
                "name": "inbound-rule-3",
                "priority": 103,
                "protocol": "Tcp",
                "source_address_prefix": "*",
                "source_address_prefixes": [],
                "source_application_security_group_ids": [],
                "source_port_range": "*",
                "source_port_ranges": []
              }
            ],
            "tags": null,
            "timeouts": null
          },
          "sensitive_attributes": [],
          "private": "eyJlMmJmYjczMC1lY2FhLTExZTYtOGY4OC0zNDM2M2JjN2M0YzAiOnsiY3JlYXRlIjoxODAwMDAwMDAwMDAwLCJkZWxldGUiOjE4MDAwMDAwMDAwMDAsInJlYWQiOjMwMDAwMDAwMDAwMCwidXBkYXRlIjoxODAwMDAwMDAwMDAwfX0=",
          "dependencies": [
            "azurerm_resource_group.rg",
            "azurerm_subnet.appsubnet",
            "azurerm_virtual_network.vnet",
            "random_string.myrandom"
          ]
        }
      ]
    },
    {
      "mode": "managed",
      "type": "azurerm_network_security_group",
      "name": "bastion_nsg",
      "provider": "provider[\"registry.terraform.io/hashicorp/azurerm\"]",
      "instances": [
        {
          "schema_version": 0,
          "attributes": {
            "id": "/subscriptions/7500af1f-cee3-4cda-bd1a-6909b5ebb806/resourceGroups/Prakash-rg-zcqrja/providers/Microsoft.Network/networkSecurityGroups/bastion-nsg",
            "location": "eastus2",
            "name": "bastion-nsg",
            "resource_group_name": "Prakash-rg-zcqrja",
            "security_rule": [
              {
                "access": "Allow",
                "description": "Inbound Rule 0",
                "destination_address_prefix": "*",
                "destination_address_prefixes": [],
                "destination_application_security_group_ids": [],
                "destination_port_range": "22",
                "destination_port_ranges": [],
                "direction": "Inbound",
                "name": "inbound-rule-0",
                "priority": 100,
                "protocol": "Tcp",
                "source_address_prefix": "*",
                "source_address_prefixes": [],
                "source_application_security_group_ids": [],
                "source_port_range": "*",
                "source_port_ranges": []
              },
              {
                "access": "Allow",
                "description": "Inbound Rule 1",
                "destination_address_prefix": "*",
                "destination_address_prefixes": [],
                "destination_application_security_group_ids": [],
                "destination_port_range": "80",
                "destination_port_ranges": [],
                "direction": "Inbound",
                "name": "inbound-rule-1",
                "priority": 101,
                "protocol": "Tcp",
                "source_address_prefix": "*",
                "source_address_prefixes": [],
                "source_application_security_group_ids": [],
                "source_port_range": "*",
                "source_port_ranges": []
              },
              {
                "access": "Allow",
                "description": "Inbound Rule 2",
                "destination_address_prefix": "*",
                "destination_address_prefixes": [],
                "destination_application_security_group_ids": [],
                "destination_port_range": "443",
                "destination_port_ranges": [],
                "direction": "Inbound",
                "name": "inbound-rule-2",
                "priority": 102,
                "protocol": "Tcp",
                "source_address_prefix": "*",
                "source_address_prefixes": [],
                "source_application_security_group_ids": [],
                "source_port_range": "*",
                "source_port_ranges": []
              }
            ],
            "tags": null,
            "timeouts": null
          },
          "sensitive_attributes": [],
          "private": "eyJlMmJmYjczMC1lY2FhLTExZTYtOGY4OC0zNDM2M2JjN2M0YzAiOnsiY3JlYXRlIjoxODAwMDAwMDAwMDAwLCJkZWxldGUiOjE4MDAwMDAwMDAwMDAsInJlYWQiOjMwMDAwMDAwMDAwMCwidXBkYXRlIjoxODAwMDAwMDAwMDAwfX0=",
          "dependencies": [
            "azurerm_resource_group.rg",
            "random_string.myrandom"
          ]
        }
      ]
    },
    {
      "mode": "managed",
      "type": "azurerm_public_ip",
      "name": "bastion_host_publicip",
      "provider": "provider[\"registry.terraform.io/hashicorp/azurerm\"]",
      "instances": [
        {
          "schema_version": 0,
          "attributes": {
            "allocation_method": "Static",
            "domain_name_label": null,
            "edge_zone": "",
            "fqdn": null,
            "id": "/subscriptions/7500af1f-cee3-4cda-bd1a-6909b5ebb806/resourceGroups/Prakash-rg-zcqrja/providers/Microsoft.Network/publicIPAddresses/bastion-host-publicip",
            "idle_timeout_in_minutes": 4,
            "ip_address": "40.79.33.81",
            "ip_tags": null,
            "ip_version": "IPv4",
            "location": "eastus2",
            "name": "bastion-host-publicip",
            "public_ip_prefix_id": null,
            "resource_group_name": "Prakash-rg-zcqrja",
            "reverse_fqdn": null,
            "sku": "Standard",
            "sku_tier": "Regional",
            "tags": {
              "RG": "Prakash-rg-zcqrja",
              "environment": "terraform",
              "owners": "Prakash",
              "source": "azuredevops"
            },
            "timeouts": null,
            "zones": null
          },
          "sensitive_attributes": [],
          "private": "eyJlMmJmYjczMC1lY2FhLTExZTYtOGY4OC0zNDM2M2JjN2M0YzAiOnsiY3JlYXRlIjoxODAwMDAwMDAwMDAwLCJkZWxldGUiOjE4MDAwMDAwMDAwMDAsInJlYWQiOjMwMDAwMDAwMDAwMCwidXBkYXRlIjoxODAwMDAwMDAwMDAwfX0=",
          "dependencies": [
            "azurerm_resource_group.rg",
            "random_string.myrandom"
          ]
        }
      ]
    },
    {
      "mode": "managed",
      "type": "azurerm_public_ip",
      "name": "web_loadblance_pub_ip",
      "provider": "provider[\"registry.terraform.io/hashicorp/azurerm\"]",
      "instances": [
        {
          "schema_version": 0,
          "attributes": {
            "allocation_method": "Static",
            "domain_name_label": null,
            "edge_zone": "",
            "fqdn": null,
            "id": "/subscriptions/7500af1f-cee3-4cda-bd1a-6909b5ebb806/resourceGroups/Prakash-rg-zcqrja/providers/Microsoft.Network/publicIPAddresses/lb-publicip",
            "idle_timeout_in_minutes": 4,
            "ip_address": "40.79.33.124",
            "ip_tags": null,
            "ip_version": "IPv4",
            "location": "eastus2",
            "name": "lb-publicip",
            "public_ip_prefix_id": null,
            "resource_group_name": "Prakash-rg-zcqrja",
            "reverse_fqdn": null,
            "sku": "Standard",
            "sku_tier": "Regional",
            "tags": {
              "RG": "Prakash-rg-zcqrja",
              "environment": "terraform",
              "owners": "Prakash",
              "source": "azuredevops"
            },
            "timeouts": null,
            "zones": null
          },
          "sensitive_attributes": [],
          "private": "eyJlMmJmYjczMC1lY2FhLTExZTYtOGY4OC0zNDM2M2JjN2M0YzAiOnsiY3JlYXRlIjoxODAwMDAwMDAwMDAwLCJkZWxldGUiOjE4MDAwMDAwMDAwMDAsInJlYWQiOjMwMDAwMDAwMDAwMCwidXBkYXRlIjoxODAwMDAwMDAwMDAwfX0=",
          "dependencies": [
            "azurerm_resource_group.rg",
            "random_string.myrandom"
          ]
        }
      ]
    },
    {
      "mode": "managed",
      "type": "azurerm_resource_group",
      "name": "rg",
      "provider": "provider[\"registry.terraform.io/hashicorp/azurerm\"]",
      "instances": [
        {
          "schema_version": 0,
          "attributes": {
            "id": "/subscriptions/7500af1f-cee3-4cda-bd1a-6909b5ebb806/resourceGroups/Prakash-rg-zcqrja",
            "location": "eastus2",
            "name": "Prakash-rg-zcqrja",
            "tags": {
              "environment": "terraform",
              "owners": "Prakash",
              "source": "azuredevops"
            },
            "timeouts": null
          },
          "sensitive_attributes": [],
          "private": "eyJlMmJmYjczMC1lY2FhLTExZTYtOGY4OC0zNDM2M2JjN2M0YzAiOnsiY3JlYXRlIjo1NDAwMDAwMDAwMDAwLCJkZWxldGUiOjU0MDAwMDAwMDAwMDAsInJlYWQiOjMwMDAwMDAwMDAwMCwidXBkYXRlIjo1NDAwMDAwMDAwMDAwfX0=",
          "dependencies": [
            "random_string.myrandom"
          ]
        }
      ]
    },
    {
      "mode": "managed",
      "type": "azurerm_subnet",
      "name": "appsubnet",
      "provider": "provider[\"registry.terraform.io/hashicorp/azurerm\"]",
      "instances": [
        {
          "schema_version": 0,
          "attributes": {
            "address_prefixes": [
              "10.0.11.0/24"
            ],
            "delegation": [],
            "enforce_private_link_endpoint_network_policies": false,
            "enforce_private_link_service_network_policies": false,
            "id": "/subscriptions/7500af1f-cee3-4cda-bd1a-6909b5ebb806/resourceGroups/Prakash-rg-zcqrja/providers/Microsoft.Network/virtualNetworks/vnet-rg/subnets/vnet-rg-appsubnet",
            "name": "vnet-rg-appsubnet",
            "resource_group_name": "Prakash-rg-zcqrja",
            "service_endpoint_policy_ids": null,
            "service_endpoints": null,
            "timeouts": null,
            "virtual_network_name": "vnet-rg"
          },
          "sensitive_attributes": [],
          "private": "eyJlMmJmYjczMC1lY2FhLTExZTYtOGY4OC0zNDM2M2JjN2M0YzAiOnsiY3JlYXRlIjoxODAwMDAwMDAwMDAwLCJkZWxldGUiOjE4MDAwMDAwMDAwMDAsInJlYWQiOjMwMDAwMDAwMDAwMCwidXBkYXRlIjoxODAwMDAwMDAwMDAwfX0=",
          "dependencies": [
            "azurerm_resource_group.rg",
            "azurerm_virtual_network.vnet",
            "random_string.myrandom"
          ]
        }
      ]
    },
    {
      "mode": "managed",
      "type": "azurerm_subnet",
      "name": "bastionsubnet",
      "provider": "provider[\"registry.terraform.io/hashicorp/azurerm\"]",
      "instances": [
        {
          "schema_version": 0,
          "attributes": {
            "address_prefixes": [
              "10.0.100.0/24"
            ],
            "delegation": [],
            "enforce_private_link_endpoint_network_policies": false,
            "enforce_private_link_service_network_policies": false,
            "id": "/subscriptions/7500af1f-cee3-4cda-bd1a-6909b5ebb806/resourceGroups/Prakash-rg-zcqrja/providers/Microsoft.Network/virtualNetworks/vnet-rg/subnets/bastionsubnet",
            "name": "bastionsubnet",
            "resource_group_name": "Prakash-rg-zcqrja",
            "service_endpoint_policy_ids": null,
            "service_endpoints": null,
            "timeouts": null,
            "virtual_network_name": "vnet-rg"
          },
          "sensitive_attributes": [],
          "private": "eyJlMmJmYjczMC1lY2FhLTExZTYtOGY4OC0zNDM2M2JjN2M0YzAiOnsiY3JlYXRlIjoxODAwMDAwMDAwMDAwLCJkZWxldGUiOjE4MDAwMDAwMDAwMDAsInJlYWQiOjMwMDAwMDAwMDAwMCwidXBkYXRlIjoxODAwMDAwMDAwMDAwfX0=",
          "dependencies": [
            "azurerm_resource_group.rg",
            "azurerm_virtual_network.vnet",
            "random_string.myrandom"
          ]
        }
      ]
    },
    {
      "mode": "managed",
      "type": "azurerm_subnet_network_security_group_association",
      "name": "app_subnet_nsg_associaten",
      "provider": "provider[\"registry.terraform.io/hashicorp/azurerm\"]",
      "instances": [
        {
          "schema_version": 0,
          "attributes": {
            "id": "/subscriptions/7500af1f-cee3-4cda-bd1a-6909b5ebb806/resourceGroups/Prakash-rg-zcqrja/providers/Microsoft.Network/virtualNetworks/vnet-rg/subnets/vnet-rg-appsubnet",
            "network_security_group_id": "/subscriptions/7500af1f-cee3-4cda-bd1a-6909b5ebb806/resourceGroups/Prakash-rg-zcqrja/providers/Microsoft.Network/networkSecurityGroups/vnet-rg-appsubnet-nsg",
            "subnet_id": "/subscriptions/7500af1f-cee3-4cda-bd1a-6909b5ebb806/resourceGroups/Prakash-rg-zcqrja/providers/Microsoft.Network/virtualNetworks/vnet-rg/subnets/vnet-rg-appsubnet",
            "timeouts": null
          },
          "sensitive_attributes": [],
          "private": "eyJlMmJmYjczMC1lY2FhLTExZTYtOGY4OC0zNDM2M2JjN2M0YzAiOnsiY3JlYXRlIjoxODAwMDAwMDAwMDAwLCJkZWxldGUiOjE4MDAwMDAwMDAwMDAsInJlYWQiOjMwMDAwMDAwMDAwMCwidXBkYXRlIjoxODAwMDAwMDAwMDAwfX0=",
          "dependencies": [
            "azurerm_network_security_group.app_nsg",
            "azurerm_resource_group.rg",
            "azurerm_subnet.appsubnet",
            "azurerm_virtual_network.vnet",
            "random_string.myrandom"
          ]
        }
      ]
    },
    {
      "mode": "managed",
      "type": "azurerm_virtual_network",
      "name": "vnet",
      "provider": "provider[\"registry.terraform.io/hashicorp/azurerm\"]",
      "instances": [
        {
          "schema_version": 0,
          "attributes": {
            "address_space": [
              "10.0.0.0/16"
            ],
            "bgp_community": "",
            "ddos_protection_plan": [],
            "dns_servers": [],
            "edge_zone": "",
            "flow_timeout_in_minutes": 0,
            "guid": "4ad10aec-6b47-487e-b4c2-dc399be92a63",
            "id": "/subscriptions/7500af1f-cee3-4cda-bd1a-6909b5ebb806/resourceGroups/Prakash-rg-zcqrja/providers/Microsoft.Network/virtualNetworks/vnet-rg",
            "location": "eastus2",
            "name": "vnet-rg",
            "resource_group_name": "Prakash-rg-zcqrja",
            "subnet": [],
            "tags": null,
            "timeouts": null
          },
          "sensitive_attributes": [],
          "private": "eyJlMmJmYjczMC1lY2FhLTExZTYtOGY4OC0zNDM2M2JjN2M0YzAiOnsiY3JlYXRlIjoxODAwMDAwMDAwMDAwLCJkZWxldGUiOjE4MDAwMDAwMDAwMDAsInJlYWQiOjMwMDAwMDAwMDAwMCwidXBkYXRlIjoxODAwMDAwMDAwMDAwfX0=",
          "dependencies": [
            "azurerm_resource_group.rg",
            "random_string.myrandom"
          ]
        }
      ]
    },
    {
      "mode": "managed",
      "type": "null_resource",
      "name": "null_copy_ssh_to_bastion",
      "provider": "provider[\"registry.terraform.io/hashicorp/null\"]",
      "instances": [
        {
          "schema_version": 0,
          "attributes": {
            "id": "1180067061654176322",
            "triggers": null
          },
          "sensitive_attributes": [],
          "dependencies": [
            "azurerm_linux_virtual_machine.bastion_host_linuxvm",
            "azurerm_network_interface.bastion_host_linuxvm_nic",
            "azurerm_public_ip.bastion_host_publicip",
            "azurerm_resource_group.rg",
            "azurerm_subnet.bastionsubnet",
            "azurerm_virtual_network.vnet",
            "random_string.myrandom"
          ]
        }
      ]
    },
    {
      "mode": "managed",
      "type": "random_string",
      "name": "myrandom",
      "provider": "provider[\"registry.terraform.io/hashicorp/random\"]",
      "instances": [
        {
          "schema_version": 2,
          "attributes": {
            "id": "zcqrja",
            "keepers": null,
            "length": 6,
            "lower": true,
            "min_lower": 0,
            "min_numeric": 0,
            "min_special": 0,
            "min_upper": 0,
            "number": false,
            "numeric": false,
            "override_special": null,
            "result": "zcqrja",
            "special": false,
            "upper": false
          },
          "sensitive_attributes": []
        }
      ]
    }
  ],
  "check_results": null
}
